
Microsoft Visual Studio Solution File, Format Version 12.00
# Visual Studio Version 17
VisualStudioVersion = 17.7.34024.191
MinimumVisualStudioVersion = 10.0.40219.1
Project("{9A19103F-16F7-4668-BE54-9A1E7A4F7556}") = "My Shop", "My Shop\My Shop.csproj", "{CC4B7462-2BAD-4F84-981E-DF8E752A6DF3}"
EndProject
Project("{9A19103F-16F7-4668-BE54-9A1E7A4F7556}") = "My Shop.Core", "My Shop.Core\My Shop.Core.csproj", "{2EABE476-AC9C-458B-9EF9-54E544301A86}"
EndProject
Global
	GlobalSection(SolutionConfigurationPlatforms) = preSolution
		Debug|Any CPU = Debug|Any CPU
		Debug|arm64 = Debug|arm64
		Debug|x64 = Debug|x64
		Debug|x86 = Debug|x86
		Release|Any CPU = Release|Any CPU
		Release|arm64 = Release|arm64
		Release|x64 = Release|x64
		Release|x86 = Release|x86
	EndGlobalSection
	GlobalSection(ProjectConfigurationPlatforms) = postSolution
		{CC4B7462-2BAD-4F84-981E-DF8E752A6DF3}.Debug|Any CPU.ActiveCfg = Debug|x64
		{CC4B7462-2BAD-4F84-981E-DF8E752A6DF3}.Debug|Any CPU.Build.0 = Debug|x64
		{CC4B7462-2BAD-4F84-981E-DF8E752A6DF3}.Debug|Any CPU.Deploy.0 = Debug|x64
		{CC4B7462-2BAD-4F84-981E-DF8E752A6DF3}.Debug|arm64.ActiveCfg = Debug|arm64
		{CC4B7462-2BAD-4F84-981E-DF8E752A6DF3}.Debug|arm64.Build.0 = Debug|arm64
		{CC4B7462-2BAD-4F84-981E-DF8E752A6DF3}.Debug|arm64.Deploy.0 = Debug|arm64
		{CC4B7462-2BAD-4F84-981E-DF8E752A6DF3}.Debug|x64.ActiveCfg = Debug|x64
		{CC4B7462-2BAD-4F84-981E-DF8E752A6DF3}.Debug|x64.Build.0 = Debug|x64
		{CC4B7462-2BAD-4F84-981E-DF8E752A6DF3}.Debug|x64.Deploy.0 = Debug|x64
		{CC4B7462-2BAD-4F84-981E-DF8E752A6DF3}.Debug|x86.ActiveCfg = Debug|x86
		{CC4B7462-2BAD-4F84-981E-DF8E752A6DF3}.Debug|x86.Build.0 = Debug|x86
		{CC4B7462-2BAD-4F84-981E-DF8E752A6DF3}.Debug|x86.Deploy.0 = Debug|x86
		{CC4B7462-2BAD-4F84-981E-DF8E752A6DF3}.Release|Any CPU.ActiveCfg = Release|x64
		{CC4B7462-2BAD-4F84-981E-DF8E752A6DF3}.Release|Any CPU.Build.0 = Release|x64
		{CC4B7462-2BAD-4F84-981E-DF8E752A6DF3}.Release|Any CPU.Deploy.0 = Release|x64
		{CC4B7462-2BAD-4F84-981E-DF8E752A6DF3}.Release|arm64.ActiveCfg = Release|arm64
		{CC4B7462-2BAD-4F84-981E-DF8E752A6DF3}.Release|arm64.Build.0 = Release|arm64
		{CC4B7462-2BAD-4F84-981E-DF8E752A6DF3}.Release|arm64.Deploy.0 = Release|arm64
		{CC4B7462-2BAD-4F84-981E-DF8E752A6DF3}.Release|x64.ActiveCfg = Release|x64
		{CC4B7462-2BAD-4F84-981E-DF8E752A6DF3}.Release|x64.Build.0 = Release|x64
		{CC4B7462-2BAD-4F84-981E-DF8E752A6DF3}.Release|x64.Deploy.0 = Release|x64
		{CC4B7462-2BAD-4F84-981E-DF8E752A6DF3}.Release|x86.ActiveCfg = Release|x86
		{CC4B7462-2BAD-4F84-981E-DF8E752A6DF3}.Release|x86.Build.0 = Release|x86
		{CC4B7462-2BAD-4F84-981E-DF8E752A6DF3}.Release|x86.Deploy.0 = Release|x86
		{2EABE476-AC9C-458B-9EF9-54E544301A86}.Debug|Any CPU.ActiveCfg = Debug|Any CPU
		{2EABE476-AC9C-458B-9EF9-54E544301A86}.Debug|Any CPU.Build.0 = Debug|Any CPU
		{2EABE476-AC9C-458B-9EF9-54E544301A86}.Debug|arm64.ActiveCfg = Debug|arm64
		{2EABE476-AC9C-458B-9EF9-54E544301A86}.Debug|arm64.Build.0 = Debug|arm64
		{2EABE476-AC9C-458B-9EF9-54E544301A86}.Debug|x64.ActiveCfg = Debug|x64
		{2EABE476-AC9C-458B-9EF9-54E544301A86}.Debug|x64.Build.0 = Debug|x64
		{2EABE476-AC9C-458B-9EF9-54E544301A86}.Debug|x86.ActiveCfg = Debug|x86
		{2EABE476-AC9C-458B-9EF9-54E544301A86}.Debug|x86.Build.0 = Debug|x86
		{2EABE476-AC9C-458B-9EF9-54E544301A86}.Release|Any CPU.ActiveCfg = Release|Any CPU
		{2EABE476-AC9C-458B-9EF9-54E544301A86}.Release|Any CPU.Build.0 = Release|Any CPU
		{2EABE476-AC9C-458B-9EF9-54E544301A86}.Release|arm64.ActiveCfg = Release|arm64
		{2EABE476-AC9C-458B-9EF9-54E544301A86}.Release|arm64.Build.0 = Release|arm64
		{2EABE476-AC9C-458B-9EF9-54E544301A86}.Release|x64.ActiveCfg = Release|x64
		{2EABE476-AC9C-458B-9EF9-54E544301A86}.Release|x64.Build.0 = Release|x64
		{2EABE476-AC9C-458B-9EF9-54E544301A86}.Release|x86.ActiveCfg = Release|x86
		{2EABE476-AC9C-458B-9EF9-54E544301A86}.Release|x86.Build.0 = Release|x86
	EndGlobalSection
	GlobalSection(SolutionProperties) = preSolution
		HideSolutionNode = FALSE
	EndGlobalSection
	GlobalSection(ExtensibilityGlobals) = postSolution
		SolutionGuid = {0CEF2161-4E2E-4311-9C29-8CC2662A5E32}
	EndGlobalSection
EndGlobal
